
Microsoft Visual Studio Solution File, Format Version 12.00
# Visual Studio Version 17
VisualStudioVersion = 17.1.32421.90
MinimumVisualStudioVersion = 10.0.40219.1
Project("{FAE04EC0-301F-11D3-BF4B-00C04F79EFBC}") = "demo1-bck", "demo1-bck\demo1-bck.csproj", "{3FC9A8CC-760D-4837-B3C8-B544DED11239}"
EndProject
Global
	GlobalSection(SolutionConfigurationPlatforms) = preSolution
		Debug|Any CPU = Debug|Any CPU
		Release|Any CPU = Release|Any CPU
	EndGlobalSection
	GlobalSection(ProjectConfigurationPlatforms) = postSolution
		{3FC9A8CC-760D-4837-B3C8-B544DED11239}.Debug|Any CPU.ActiveCfg = Debug|Any CPU
		{3FC9A8CC-760D-4837-B3C8-B544DED11239}.Debug|Any CPU.Build.0 = Debug|Any CPU
		{3FC9A8CC-760D-4837-B3C8-B544DED11239}.Release|Any CPU.ActiveCfg = Release|Any CPU
		{3FC9A8CC-760D-4837-B3C8-B544DED11239}.Release|Any CPU.Build.0 = Release|Any CPU
	EndGlobalSection
	GlobalSection(SolutionProperties) = preSolution
		HideSolutionNode = FALSE
	EndGlobalSection
	GlobalSection(ExtensibilityGlobals) = postSolution
		SolutionGuid = {26931EB4-27E8-493C-A12B-E7224125C30D}
	EndGlobalSection
EndGlobal
